# This file is automatically @generated by Poetry 2.3.2 and should not be changed by hand.

[[package]]
name = "freesimplegui"
version = "5.2.0.post1"
description = "The free-forever Python GUI framework."
optional = false
python-versions = "*"
groups = ["main"]
files = [
    {file = "freesimplegui-5.2.0.post1-py3-none-any.whl", hash = "sha256:3d61eb519324503232f86b2f1bd7f5c6813ce225f6e189d0fd737ddb036af4d5"},
    {file = "freesimplegui-5.2.0.post1.tar.gz", hash = "sha256:e58a0e6758e9a9e87152256911f94fcc3998356d1309973a9f4d9df2dc55f98a"},
]

[metadata]
lock-version = "2.1"
python-versions = ">=3.13"
content-hash = "1ac7c1f025ff0a339078907c2a053fbee02e07f004dfe37494c42633c1d9f0ac"
